
Microsoft Visual Studio Solution File, Format Version 12.00
# Visual Studio Version 17
VisualStudioVersion = 17.0.32112.339
MinimumVisualStudioVersion = 10.0.40219.1
Project("{FAE04EC0-301F-11D3-BF4B-00C04F79EFBC}") = "BasicOfCSharp", "BasicOfCSharp.csproj", "{F0AE1687-2360-40E3-BC8B-6569F2D45BC6}"
EndProject
Project("{FAE04EC0-301F-11D3-BF4B-00C04F79EFBC}") = "DSA", "..\DSA\DSA.csproj", "{B5FC556A-DC7A-4203-B67C-9D2AEA15771F}"
EndProject
Global
	GlobalSection(SolutionConfigurationPlatforms) = preSolution
		Debug|Any CPU = Debug|Any CPU
		Release|Any CPU = Release|Any CPU
	EndGlobalSection
	GlobalSection(ProjectConfigurationPlatforms) = postSolution
		{F0AE1687-2360-40E3-BC8B-6569F2D45BC6}.Debug|Any CPU.ActiveCfg = Debug|Any CPU
		{F0AE1687-2360-40E3-BC8B-6569F2D45BC6}.Debug|Any CPU.Build.0 = Debug|Any CPU
		{F0AE1687-2360-40E3-BC8B-6569F2D45BC6}.Release|Any CPU.ActiveCfg = Release|Any CPU
		{F0AE1687-2360-40E3-BC8B-6569F2D45BC6}.Release|Any CPU.Build.0 = Release|Any CPU
		{B5FC556A-DC7A-4203-B67C-9D2AEA15771F}.Debug|Any CPU.ActiveCfg = Debug|Any CPU
		{B5FC556A-DC7A-4203-B67C-9D2AEA15771F}.Debug|Any CPU.Build.0 = Debug|Any CPU
		{B5FC556A-DC7A-4203-B67C-9D2AEA15771F}.Release|Any CPU.ActiveCfg = Release|Any CPU
		{B5FC556A-DC7A-4203-B67C-9D2AEA15771F}.Release|Any CPU.Build.0 = Release|Any CPU
	EndGlobalSection
	GlobalSection(SolutionProperties) = preSolution
		HideSolutionNode = FALSE
	EndGlobalSection
	GlobalSection(ExtensibilityGlobals) = postSolution
		SolutionGuid = {5D119C71-939F-4C0B-9973-652C880724AC}
	EndGlobalSection
EndGlobal
